
Microsoft Visual Studio Solution File, Format Version 12.00
# Visual Studio 2013
VisualStudioVersion = 12.0.21005.1
MinimumVisualStudioVersion = 10.0.40219.1
Project("{FAE04EC0-301F-11D3-BF4B-00C04F79EFBC}") = "ShareCoffee.UI.Samples", "ShareCoffee.UI.Tests\ShareCoffee.UI.Samples.csproj", "{B8A31A9E-326D-4628-87EC-271621167A9B}"
EndProject
Project("{FAE04EC0-301F-11D3-BF4B-00C04F79EFBC}") = "ShareCoffee.UI.ChromeControl", "ShareCoffee.UI.ChromeControl\ShareCoffee.UI.ChromeControl.csproj", "{2703C9BE-664B-4630-B276-B28DFF0A1599}"
EndProject
Project("{FAE04EC0-301F-11D3-BF4B-00C04F79EFBC}") = "ShareCoffee.UI.ChromeControlWeb", "ShareCoffee.UI.ChromeControlWeb\ShareCoffee.UI.ChromeControlWeb.csproj", "{374F8CDA-BFED-465E-A27C-4FF5C76289E3}"
EndProject
Project("{2150E333-8FDC-42A3-9474-1A3956D46DE8}") = "UI", "UI", "{336FE870-A105-4F0F-A70A-9FCB8DCF7E8B}"
EndProject
Project("{2150E333-8FDC-42A3-9474-1A3956D46DE8}") = "Commons", "Commons", "{9165401E-4559-4000-9616-A71A0ACE570E}"
EndProject
Project("{FAE04EC0-301F-11D3-BF4B-00C04F79EFBC}") = "ShareCoffee.Commons.Samples", "ShareCoffee.Commons.Samples\ShareCoffee.Commons.Samples.csproj", "{AB703976-2F6A-42D8-B184-B468B0CD2C70}"
EndProject
Project("{FAE04EC0-301F-11D3-BF4B-00C04F79EFBC}") = "ShareCoffee.CSOM.SharePointHostedSample", "ShareCoffee.CSOM.SharePointHostedSample\ShareCoffee.CSOM.SharePointHostedSample.csproj", "{7B43E790-93E4-433E-BB05-110BD4DA8268}"
EndProject
Project("{2150E333-8FDC-42A3-9474-1A3956D46DE8}") = "CSOM", "CSOM", "{188F91DD-E692-4996-BBF9-1942D04CF194}"
EndProject
Project("{2150E333-8FDC-42A3-9474-1A3956D46DE8}") = "REST", "REST", "{C2CB1732-6631-403E-820C-9916531E3E18}"
EndProject
Project("{FAE04EC0-301F-11D3-BF4B-00C04F79EFBC}") = "ShareCoffee.REST.angularJS.Sample", "ShareCoffee.REST.angularJS.Sample\ShareCoffee.REST.angularJS.Sample.csproj", "{54100FAB-5FF2-42CD-9A72-861CD873028F}"
EndProject
Project("{FAE04EC0-301F-11D3-BF4B-00C04F79EFBC}") = "ShareCoffee.REST.jQuery.Sample", "ShareCoffee.REST.jQuery.Sample\ShareCoffee.REST.jQuery.Sample.csproj", "{17DB01C9-20CD-4E5B-A57D-1DAE1E51D160}"
EndProject
Project("{FAE04EC0-301F-11D3-BF4B-00C04F79EFBC}") = "ShareCoffee.REST.reqwest.Sample", "ShareCoffee.REST.reqwest.Sample\ShareCoffee.REST.reqwest.Sample.csproj", "{06DC50FC-C9D7-4FAB-9DDA-3E04761D2BDE}"
EndProject
Project("{2150E333-8FDC-42A3-9474-1A3956D46DE8}") = "CrossDomain", "CrossDomain", "{59FA2DC2-C9CB-4B9B-AA85-ADB92DFEFCDD}"
EndProject
Project("{FAE04EC0-301F-11D3-BF4B-00C04F79EFBC}") = "ShareCoffee.REST.CrossDomain.Sample", "ShareCoffee.REST.CrossDomain.Sample\ShareCoffee.REST.CrossDomain.Sample.csproj", "{00832CE5-1F6C-4C88-9DA0-41A5C3459CDD}"
EndProject
Project("{FAE04EC0-301F-11D3-BF4B-00C04F79EFBC}") = "ShareCoffee.REST.CrossDomain.SampleWeb", "ShareCoffee.REST.CrossDomain.SampleWeb\ShareCoffee.REST.CrossDomain.SampleWeb.csproj", "{EB311FB7-6211-4A65-B362-99EB270CF6DA}"
EndProject
Project("{FAE04EC0-301F-11D3-BF4B-00C04F79EFBC}") = "ShareCoffee.CSOM.CrossDomain.Sample", "ShareCoffee.CSOM.CrossDomain.Sample\ShareCoffee.CSOM.CrossDomain.Sample.csproj", "{4A1EFAB1-4718-492D-8D7E-2196D021CA62}"
EndProject
Project("{FAE04EC0-301F-11D3-BF4B-00C04F79EFBC}") = "ShareCoffee.CSOM.CrossDomain.SampleWeb", "ShareCoffee.CSOM.CrossDomain.SampleWeb\ShareCoffee.CSOM.CrossDomain.SampleWeb.csproj", "{BB78CDF7-F7ED-43A7-B259-6F5952FB0C9C}"
EndProject
Global
	GlobalSection(SolutionConfigurationPlatforms) = preSolution
		Debug|Any CPU = Debug|Any CPU
		Release|Any CPU = Release|Any CPU
	EndGlobalSection
	GlobalSection(ProjectConfigurationPlatforms) = postSolution
		{B8A31A9E-326D-4628-87EC-271621167A9B}.Debug|Any CPU.ActiveCfg = Debug|Any CPU
		{B8A31A9E-326D-4628-87EC-271621167A9B}.Debug|Any CPU.Build.0 = Debug|Any CPU
		{B8A31A9E-326D-4628-87EC-271621167A9B}.Debug|Any CPU.Deploy.0 = Debug|Any CPU
		{B8A31A9E-326D-4628-87EC-271621167A9B}.Release|Any CPU.ActiveCfg = Release|Any CPU
		{B8A31A9E-326D-4628-87EC-271621167A9B}.Release|Any CPU.Build.0 = Release|Any CPU
		{B8A31A9E-326D-4628-87EC-271621167A9B}.Release|Any CPU.Deploy.0 = Release|Any CPU
		{2703C9BE-664B-4630-B276-B28DFF0A1599}.Debug|Any CPU.ActiveCfg = Debug|Any CPU
		{2703C9BE-664B-4630-B276-B28DFF0A1599}.Debug|Any CPU.Build.0 = Debug|Any CPU
		{2703C9BE-664B-4630-B276-B28DFF0A1599}.Debug|Any CPU.Deploy.0 = Debug|Any CPU
		{2703C9BE-664B-4630-B276-B28DFF0A1599}.Release|Any CPU.ActiveCfg = Release|Any CPU
		{2703C9BE-664B-4630-B276-B28DFF0A1599}.Release|Any CPU.Build.0 = Release|Any CPU
		{2703C9BE-664B-4630-B276-B28DFF0A1599}.Release|Any CPU.Deploy.0 = Release|Any CPU
		{374F8CDA-BFED-465E-A27C-4FF5C76289E3}.Debug|Any CPU.ActiveCfg = Debug|Any CPU
		{374F8CDA-BFED-465E-A27C-4FF5C76289E3}.Debug|Any CPU.Build.0 = Debug|Any CPU
		{374F8CDA-BFED-465E-A27C-4FF5C76289E3}.Release|Any CPU.ActiveCfg = Release|Any CPU
		{374F8CDA-BFED-465E-A27C-4FF5C76289E3}.Release|Any CPU.Build.0 = Release|Any CPU
		{AB703976-2F6A-42D8-B184-B468B0CD2C70}.Debug|Any CPU.ActiveCfg = Debug|Any CPU
		{AB703976-2F6A-42D8-B184-B468B0CD2C70}.Debug|Any CPU.Build.0 = Debug|Any CPU
		{AB703976-2F6A-42D8-B184-B468B0CD2C70}.Debug|Any CPU.Deploy.0 = Debug|Any CPU
		{AB703976-2F6A-42D8-B184-B468B0CD2C70}.Release|Any CPU.ActiveCfg = Release|Any CPU
		{AB703976-2F6A-42D8-B184-B468B0CD2C70}.Release|Any CPU.Build.0 = Release|Any CPU
		{AB703976-2F6A-42D8-B184-B468B0CD2C70}.Release|Any CPU.Deploy.0 = Release|Any CPU
		{7B43E790-93E4-433E-BB05-110BD4DA8268}.Debug|Any CPU.ActiveCfg = Debug|Any CPU
		{7B43E790-93E4-433E-BB05-110BD4DA8268}.Debug|Any CPU.Build.0 = Debug|Any CPU
		{7B43E790-93E4-433E-BB05-110BD4DA8268}.Debug|Any CPU.Deploy.0 = Debug|Any CPU
		{7B43E790-93E4-433E-BB05-110BD4DA8268}.Release|Any CPU.ActiveCfg = Release|Any CPU
		{7B43E790-93E4-433E-BB05-110BD4DA8268}.Release|Any CPU.Build.0 = Release|Any CPU
		{7B43E790-93E4-433E-BB05-110BD4DA8268}.Release|Any CPU.Deploy.0 = Release|Any CPU
		{54100FAB-5FF2-42CD-9A72-861CD873028F}.Debug|Any CPU.ActiveCfg = Debug|Any CPU
		{54100FAB-5FF2-42CD-9A72-861CD873028F}.Debug|Any CPU.Build.0 = Debug|Any CPU
		{54100FAB-5FF2-42CD-9A72-861CD873028F}.Debug|Any CPU.Deploy.0 = Debug|Any CPU
		{54100FAB-5FF2-42CD-9A72-861CD873028F}.Release|Any CPU.ActiveCfg = Release|Any CPU
		{54100FAB-5FF2-42CD-9A72-861CD873028F}.Release|Any CPU.Build.0 = Release|Any CPU
		{54100FAB-5FF2-42CD-9A72-861CD873028F}.Release|Any CPU.Deploy.0 = Release|Any CPU
		{17DB01C9-20CD-4E5B-A57D-1DAE1E51D160}.Debug|Any CPU.ActiveCfg = Debug|Any CPU
		{17DB01C9-20CD-4E5B-A57D-1DAE1E51D160}.Debug|Any CPU.Build.0 = Debug|Any CPU
		{17DB01C9-20CD-4E5B-A57D-1DAE1E51D160}.Debug|Any CPU.Deploy.0 = Debug|Any CPU
		{17DB01C9-20CD-4E5B-A57D-1DAE1E51D160}.Release|Any CPU.ActiveCfg = Release|Any CPU
		{17DB01C9-20CD-4E5B-A57D-1DAE1E51D160}.Release|Any CPU.Build.0 = Release|Any CPU
		{17DB01C9-20CD-4E5B-A57D-1DAE1E51D160}.Release|Any CPU.Deploy.0 = Release|Any CPU
		{06DC50FC-C9D7-4FAB-9DDA-3E04761D2BDE}.Debug|Any CPU.ActiveCfg = Debug|Any CPU
		{06DC50FC-C9D7-4FAB-9DDA-3E04761D2BDE}.Debug|Any CPU.Build.0 = Debug|Any CPU
		{06DC50FC-C9D7-4FAB-9DDA-3E04761D2BDE}.Debug|Any CPU.Deploy.0 = Debug|Any CPU
		{06DC50FC-C9D7-4FAB-9DDA-3E04761D2BDE}.Release|Any CPU.ActiveCfg = Release|Any CPU
		{06DC50FC-C9D7-4FAB-9DDA-3E04761D2BDE}.Release|Any CPU.Build.0 = Release|Any CPU
		{06DC50FC-C9D7-4FAB-9DDA-3E04761D2BDE}.Release|Any CPU.Deploy.0 = Release|Any CPU
		{00832CE5-1F6C-4C88-9DA0-41A5C3459CDD}.Debug|Any CPU.ActiveCfg = Debug|Any CPU
		{00832CE5-1F6C-4C88-9DA0-41A5C3459CDD}.Debug|Any CPU.Build.0 = Debug|Any CPU
		{00832CE5-1F6C-4C88-9DA0-41A5C3459CDD}.Debug|Any CPU.Deploy.0 = Debug|Any CPU
		{00832CE5-1F6C-4C88-9DA0-41A5C3459CDD}.Release|Any CPU.ActiveCfg = Release|Any CPU
		{00832CE5-1F6C-4C88-9DA0-41A5C3459CDD}.Release|Any CPU.Build.0 = Release|Any CPU
		{00832CE5-1F6C-4C88-9DA0-41A5C3459CDD}.Release|Any CPU.Deploy.0 = Release|Any CPU
		{EB311FB7-6211-4A65-B362-99EB270CF6DA}.Debug|Any CPU.ActiveCfg = Debug|Any CPU
		{EB311FB7-6211-4A65-B362-99EB270CF6DA}.Debug|Any CPU.Build.0 = Debug|Any CPU
		{EB311FB7-6211-4A65-B362-99EB270CF6DA}.Release|Any CPU.ActiveCfg = Release|Any CPU
		{EB311FB7-6211-4A65-B362-99EB270CF6DA}.Release|Any CPU.Build.0 = Release|Any CPU
		{4A1EFAB1-4718-492D-8D7E-2196D021CA62}.Debug|Any CPU.ActiveCfg = Debug|Any CPU
		{4A1EFAB1-4718-492D-8D7E-2196D021CA62}.Debug|Any CPU.Build.0 = Debug|Any CPU
		{4A1EFAB1-4718-492D-8D7E-2196D021CA62}.Debug|Any CPU.Deploy.0 = Debug|Any CPU
		{4A1EFAB1-4718-492D-8D7E-2196D021CA62}.Release|Any CPU.ActiveCfg = Release|Any CPU
		{4A1EFAB1-4718-492D-8D7E-2196D021CA62}.Release|Any CPU.Build.0 = Release|Any CPU
		{4A1EFAB1-4718-492D-8D7E-2196D021CA62}.Release|Any CPU.Deploy.0 = Release|Any CPU
		{BB78CDF7-F7ED-43A7-B259-6F5952FB0C9C}.Debug|Any CPU.ActiveCfg = Debug|Any CPU
		{BB78CDF7-F7ED-43A7-B259-6F5952FB0C9C}.Debug|Any CPU.Build.0 = Debug|Any CPU
		{BB78CDF7-F7ED-43A7-B259-6F5952FB0C9C}.Release|Any CPU.ActiveCfg = Release|Any CPU
		{BB78CDF7-F7ED-43A7-B259-6F5952FB0C9C}.Release|Any CPU.Build.0 = Release|Any CPU
	EndGlobalSection
	GlobalSection(SolutionProperties) = preSolution
		HideSolutionNode = FALSE
	EndGlobalSection
	GlobalSection(NestedProjects) = preSolution
		{2703C9BE-664B-4630-B276-B28DFF0A1599} = {336FE870-A105-4F0F-A70A-9FCB8DCF7E8B}
		{374F8CDA-BFED-465E-A27C-4FF5C76289E3} = {336FE870-A105-4F0F-A70A-9FCB8DCF7E8B}
		{B8A31A9E-326D-4628-87EC-271621167A9B} = {336FE870-A105-4F0F-A70A-9FCB8DCF7E8B}
		{AB703976-2F6A-42D8-B184-B468B0CD2C70} = {9165401E-4559-4000-9616-A71A0ACE570E}
		{7B43E790-93E4-433E-BB05-110BD4DA8268} = {188F91DD-E692-4996-BBF9-1942D04CF194}
		{54100FAB-5FF2-42CD-9A72-861CD873028F} = {C2CB1732-6631-403E-820C-9916531E3E18}
		{17DB01C9-20CD-4E5B-A57D-1DAE1E51D160} = {C2CB1732-6631-403E-820C-9916531E3E18}
		{06DC50FC-C9D7-4FAB-9DDA-3E04761D2BDE} = {C2CB1732-6631-403E-820C-9916531E3E18}
		{00832CE5-1F6C-4C88-9DA0-41A5C3459CDD} = {59FA2DC2-C9CB-4B9B-AA85-ADB92DFEFCDD}
		{EB311FB7-6211-4A65-B362-99EB270CF6DA} = {59FA2DC2-C9CB-4B9B-AA85-ADB92DFEFCDD}
		{4A1EFAB1-4718-492D-8D7E-2196D021CA62} = {59FA2DC2-C9CB-4B9B-AA85-ADB92DFEFCDD}
		{BB78CDF7-F7ED-43A7-B259-6F5952FB0C9C} = {59FA2DC2-C9CB-4B9B-AA85-ADB92DFEFCDD}
	EndGlobalSection
EndGlobal
